// !$*UTF8*$!
{
	archiveVersion = 1;
	classes = {
	};
	objectVersion = 48;
	objects = {

/* Begin PBXBuildFile section */
		0FAFF33B2099AB1C00F76665 /* AppDelegate.m in Sources */ = {isa = PBXBuildFile; fileRef = 0FAFF33A2099AB1C00F76665 /* AppDelegate.m */; };
		0FAFF3412099AB1C00F76665 /* Main.storyboard in Resources */ = {isa = PBXBuildFile; fileRef = 0FAFF33F2099AB1C00F76665 /* Main.storyboard */; };
		0FAFF3442099AB1C00F76665 /* YicePicker.xcdatamodeld in Sources */ = {isa = PBXBuildFile; fileRef = 0FAFF3422099AB1C00F76665 /* YicePicker.xcdatamodeld */; };
		0FAFF3462099AB1C00F76665 /* Assets.xcassets in Resources */ = {isa = PBXBuildFile; fileRef = 0FAFF3452099AB1C00F76665 /* Assets.xcassets */; };
		0FAFF3492099AB1C00F76665 /* LaunchScreen.storyboard in Resources */ = {isa = PBXBuildFile; fileRef = 0FAFF3472099AB1C00F76665 /* LaunchScreen.storyboard */; };
		0FAFF34C2099AB1C00F76665 /* main.m in Sources */ = {isa = PBXBuildFile; fileRef = 0FAFF34B2099AB1C00F76665 /* main.m */; };
		0FAFF3562099AB1D00F76665 /* YicePickerTests.m in Sources */ = {isa = PBXBuildFile; fileRef = 0FAFF3552099AB1D00F76665 /* YicePickerTests.m */; };
		0FAFF3612099AB1D00F76665 /* YicePickerUITests.m in Sources */ = {isa = PBXBuildFile; fileRef = 0FAFF3602099AB1D00F76665 /* YicePickerUITests.m */; };
		0FAFF3702099AB4900F76665 /* MainViewController.m in Sources */ = {isa = PBXBuildFile; fileRef = 0FAFF36F2099AB4900F76665 /* MainViewController.m */; };
		0FAFF3742099ADC700F76665 /* YicePickerMenu.m in Sources */ = {isa = PBXBuildFile; fileRef = 0FAFF3732099ADC700F76665 /* YicePickerMenu.m */; };
		0FAFF3772099B80800F76665 /* YicePickerMenuPch.m in Sources */ = {isa = PBXBuildFile; fileRef = 0FAFF3762099B80800F76665 /* YicePickerMenuPch.m */; };
		0FAFF37A2099C35B00F76665 /* YicePickerCell.m in Sources */ = {isa = PBXBuildFile; fileRef = 0FAFF3792099C35B00F76665 /* YicePickerCell.m */; };
		0FAFF398209AE94D00F76665 /* MASCompositeConstraint.m in Sources */ = {isa = PBXBuildFile; fileRef = 0FAFF380209AE94D00F76665 /* MASCompositeConstraint.m */; };
		0FAFF399209AE94D00F76665 /* MASConstraint.m in Sources */ = {isa = PBXBuildFile; fileRef = 0FAFF383209AE94D00F76665 /* MASConstraint.m */; };
		0FAFF39A209AE94D00F76665 /* MASConstraintMaker.m in Sources */ = {isa = PBXBuildFile; fileRef = 0FAFF385209AE94D00F76665 /* MASConstraintMaker.m */; };
		0FAFF39B209AE94D00F76665 /* MASLayoutConstraint.m in Sources */ = {isa = PBXBuildFile; fileRef = 0FAFF387209AE94D00F76665 /* MASLayoutConstraint.m */; };
		0FAFF39C209AE94D00F76665 /* MASViewAttribute.m in Sources */ = {isa = PBXBuildFile; fileRef = 0FAFF38B209AE94D00F76665 /* MASViewAttribute.m */; };
		0FAFF39D209AE94D00F76665 /* MASViewConstraint.m in Sources */ = {isa = PBXBuildFile; fileRef = 0FAFF38D209AE94D00F76665 /* MASViewConstraint.m */; };
		0FAFF39E209AE94D00F76665 /* NSArray+MASAdditions.m in Sources */ = {isa = PBXBuildFile; fileRef = 0FAFF38F209AE94D00F76665 /* NSArray+MASAdditions.m */; };
		0FAFF39F209AE94D00F76665 /* NSLayoutConstraint+MASDebugAdditions.m in Sources */ = {isa = PBXBuildFile; fileRef = 0FAFF392209AE94D00F76665 /* NSLayoutConstraint+MASDebugAdditions.m */; };
		0FAFF3A0209AE94D00F76665 /* View+MASAdditions.m in Sources */ = {isa = PBXBuildFile; fileRef = 0FAFF394209AE94D00F76665 /* View+MASAdditions.m */; };
		0FAFF3A1209AE94D00F76665 /* ViewController+MASAdditions.m in Sources */ = {isa = PBXBuildFile; fileRef = 0FAFF397209AE94D00F76665 /* ViewController+MASAdditions.m */; };
		0FAFF3A4209AEA0600F76665 /* NSString+AdjustSize.m in Sources */ = {isa = PBXBuildFile; fileRef = 0FAFF3A3209AEA0600F76665 /* NSString+AdjustSize.m */; };
		0FAFF3A7209BF7FF00F76665 /* YicePickerCollectionViewFlowLayout.m in Sources */ = {isa = PBXBuildFile; fileRef = 0FAFF3A6209BF7FF00F76665 /* YicePickerCollectionViewFlowLayout.m */; };
		0FFCDC6D20BEA313006A7AF5 /* YiceTestModel.m in Sources */ = {isa = PBXBuildFile; fileRef = 0FFCDC6C20BEA313006A7AF5 /* YiceTestModel.m */; };
/* End PBXBuildFile section */

/* Begin PBXContainerItemProxy section */
		0FAFF3522099AB1D00F76665 /* PBXContainerItemProxy */ = {
			isa = PBXContainerItemProxy;
			containerPortal = 0FAFF32E2099AB1C00F76665 /* Project object */;
			proxyType = 1;
			remoteGlobalIDString = 0FAFF3352099AB1C00F76665;
			remoteInfo = YicePicker;
		};
		0FAFF35D2099AB1D00F76665 /* PBXContainerItemProxy */ = {
			isa = PBXContainerItemProxy;
			containerPortal = 0FAFF32E2099AB1C00F76665 /* Project object */;
			proxyType = 1;
			remoteGlobalIDString = 0FAFF3352099AB1C00F76665;
			remoteInfo = YicePicker;
		};
/* End PBXContainerItemProxy section */

/* Begin PBXFileReference section */
		0FAFF3362099AB1C00F76665 /* YicePicker.app */ = {isa = PBXFileReference; explicitFileType = wrapper.application; includeInIndex = 0; path = YicePicker.app; sourceTree = BUILT_PRODUCTS_DIR; };
		0FAFF3392099AB1C00F76665 /* AppDelegate.h */ = {isa = PBXFileReference; lastKnownFileType = sourcecode.c.h; path = AppDelegate.h; sourceTree = "<group>"; };
		0FAFF33A2099AB1C00F76665 /* AppDelegate.m */ = {isa = PBXFileReference; lastKnownFileType = sourcecode.c.objc; path = AppDelegate.m; sourceTree = "<group>"; };
		0FAFF3402099AB1C00F76665 /* Base */ = {isa = PBXFileReference; lastKnownFileType = file.storyboard; name = Base; path = Base.lproj/Main.storyboard; sourceTree = "<group>"; };
		0FAFF3432099AB1C00F76665 /* YicePicker.xcdatamodel */ = {isa = PBXFileReference; lastKnownFileType = wrapper.xcdatamodel; path = YicePicker.xcdatamodel; sourceTree = "<group>"; };
		0FAFF3452099AB1C00F76665 /* Assets.xcassets */ = {isa = PBXFileReference; lastKnownFileType = folder.assetcatalog; path = Assets.xcassets; sourceTree = "<group>"; };
		0FAFF3482099AB1C00F76665 /* Base */ = {isa = PBXFileReference; lastKnownFileType = file.storyboard; name = Base; path = Base.lproj/LaunchScreen.storyboard; sourceTree = "<group>"; };
		0FAFF34A2099AB1C00F76665 /* Info.plist */ = {isa = PBXFileReference; lastKnownFileType = text.plist.xml; path = Info.plist; sourceTree = "<group>"; };
		0FAFF34B2099AB1C00F76665 /* main.m */ = {isa = PBXFileReference; lastKnownFileType = sourcecode.c.objc; path = main.m; sourceTree = "<group>"; };
		0FAFF3512099AB1D00F76665 /* YicePickerTests.xctest */ = {isa = PBXFileReference; explicitFileType = wrapper.cfbundle; includeInIndex = 0; path = YicePickerTests.xctest; sourceTree = BUILT_PRODUCTS_DIR; };
		0FAFF3552099AB1D00F76665 /* YicePickerTests.m */ = {isa = PBXFileReference; lastKnownFileType = sourcecode.c.objc; path = YicePickerTests.m; sourceTree = "<group>"; };
		0FAFF3572099AB1D00F76665 /* Info.plist */ = {isa = PBXFileReference; lastKnownFileType = text.plist.xml; path = Info.plist; sourceTree = "<group>"; };
		0FAFF35C2099AB1D00F76665 /* YicePickerUITests.xctest */ = {isa = PBXFileReference; explicitFileType = wrapper.cfbundle; includeInIndex = 0; path = YicePickerUITests.xctest; sourceTree = BUILT_PRODUCTS_DIR; };
		0FAFF3602099AB1D00F76665 /* YicePickerUITests.m */ = {isa = PBXFileReference; lastKnownFileType = sourcecode.c.objc; path = YicePickerUITests.m; sourceTree = "<group>"; };
		0FAFF3622099AB1D00F76665 /* Info.plist */ = {isa = PBXFileReference; lastKnownFileType = text.plist.xml; path = Info.plist; sourceTree = "<group>"; };
		0FAFF36E2099AB4900F76665 /* MainViewController.h */ = {isa = PBXFileReference; fileEncoding = 4; lastKnownFileType = sourcecode.c.h; path = MainViewController.h; sourceTree = "<group>"; };
		0FAFF36F2099AB4900F76665 /* MainViewController.m */ = {isa = PBXFileReference; fileEncoding = 4; lastKnownFileType = sourcecode.c.objc; path = MainViewController.m; sourceTree = "<group>"; };
		0FAFF3722099ADC700F76665 /* YicePickerMenu.h */ = {isa = PBXFileReference; lastKnownFileType = sourcecode.c.h; path = YicePickerMenu.h; sourceTree = "<group>"; };
		0FAFF3732099ADC700F76665 /* YicePickerMenu.m */ = {isa = PBXFileReference; lastKnownFileType = sourcecode.c.objc; path = YicePickerMenu.m; sourceTree = "<group>"; };
		0FAFF3752099B80800F76665 /* YicePickerMenuPch.h */ = {isa = PBXFileReference; lastKnownFileType = sourcecode.c.h; path = YicePickerMenuPch.h; sourceTree = "<group>"; };
		0FAFF3762099B80800F76665 /* YicePickerMenuPch.m */ = {isa = PBXFileReference; lastKnownFileType = sourcecode.c.objc; path = YicePickerMenuPch.m; sourceTree = "<group>"; };
		0FAFF3782099C35B00F76665 /* YicePickerCell.h */ = {isa = PBXFileReference; lastKnownFileType = sourcecode.c.h; path = YicePickerCell.h; sourceTree = "<group>"; };
		0FAFF3792099C35B00F76665 /* YicePickerCell.m */ = {isa = PBXFileReference; lastKnownFileType = sourcecode.c.objc; path = YicePickerCell.m; sourceTree = "<group>"; };
		0FAFF37F209AE94D00F76665 /* MASCompositeConstraint.h */ = {isa = PBXFileReference; fileEncoding = 4; lastKnownFileType = sourcecode.c.h; path = MASCompositeConstraint.h; sourceTree = "<group>"; };
		0FAFF380209AE94D00F76665 /* MASCompositeConstraint.m */ = {isa = PBXFileReference; fileEncoding = 4; lastKnownFileType = sourcecode.c.objc; path = MASCompositeConstraint.m; sourceTree = "<group>"; };
		0FAFF381209AE94D00F76665 /* MASConstraint+Private.h */ = {isa = PBXFileReference; fileEncoding = 4; lastKnownFileType = sourcecode.c.h; path = "MASConstraint+Private.h"; sourceTree = "<group>"; };
		0FAFF382209AE94D00F76665 /* MASConstraint.h */ = {isa = PBXFileReference; fileEncoding = 4; lastKnownFileType = sourcecode.c.h; path = MASConstraint.h; sourceTree = "<group>"; };
		0FAFF383209AE94D00F76665 /* MASConstraint.m */ = {isa = PBXFileReference; fileEncoding = 4; lastKnownFileType = sourcecode.c.objc; path = MASConstraint.m; sourceTree = "<group>"; };
		0FAFF384209AE94D00F76665 /* MASConstraintMaker.h */ = {isa = PBXFileReference; fileEncoding = 4; lastKnownFileType = sourcecode.c.h; path = MASConstraintMaker.h; sourceTree = "<group>"; };
		0FAFF385209AE94D00F76665 /* MASConstraintMaker.m */ = {isa = PBXFileReference; fileEncoding = 4; lastKnownFileType = sourcecode.c.objc; path = MASConstraintMaker.m; sourceTree = "<group>"; };
		0FAFF386209AE94D00F76665 /* MASLayoutConstraint.h */ = {isa = PBXFileReference; fileEncoding = 4; lastKnownFileType = sourcecode.c.h; path = MASLayoutConstraint.h; sourceTree = "<group>"; };
		0FAFF387209AE94D00F76665 /* MASLayoutConstraint.m */ = {isa = PBXFileReference; fileEncoding = 4; lastKnownFileType = sourcecode.c.objc; path = MASLayoutConstraint.m; sourceTree = "<group>"; };
		0FAFF388209AE94D00F76665 /* Masonry.h */ = {isa = PBXFileReference; fileEncoding = 4; lastKnownFileType = sourcecode.c.h; path = Masonry.h; sourceTree = "<group>"; };
		0FAFF389209AE94D00F76665 /* MASUtilities.h */ = {isa = PBXFileReference; fileEncoding = 4; lastKnownFileType = sourcecode.c.h; path = MASUtilities.h; sourceTree = "<group>"; };
		0FAFF38A209AE94D00F76665 /* MASViewAttribute.h */ = {isa = PBXFileReference; fileEncoding = 4; lastKnownFileType = sourcecode.c.h; path = MASViewAttribute.h; sourceTree = "<group>"; };
		0FAFF38B209AE94D00F76665 /* MASViewAttribute.m */ = {isa = PBXFileReference; fileEncoding = 4; lastKnownFileType = sourcecode.c.objc; path = MASViewAttribute.m; sourceTree = "<group>"; };
		0FAFF38C209AE94D00F76665 /* MASViewConstraint.h */ = {isa = PBXFileReference; fileEncoding = 4; lastKnownFileType = sourcecode.c.h; path = MASViewConstraint.h; sourceTree = "<group>"; };
		0FAFF38D209AE94D00F76665 /* MASViewConstraint.m */ = {isa = PBXFileReference; fileEncoding = 4; lastKnownFileType = sourcecode.c.objc; path = MASViewConstraint.m; sourceTree = "<group>"; };
		0FAFF38E209AE94D00F76665 /* NSArray+MASAdditions.h */ = {isa = PBXFileReference; fileEncoding = 4; lastKnownFileType = sourcecode.c.h; path = "NSArray+MASAdditions.h"; sourceTree = "<group>"; };
		0FAFF38F209AE94D00F76665 /* NSArray+MASAdditions.m */ = {isa = PBXFileReference; fileEncoding = 4; lastKnownFileType = sourcecode.c.objc; path = "NSArray+MASAdditions.m"; sourceTree = "<group>"; };
		0FAFF390209AE94D00F76665 /* NSArray+MASShorthandAdditions.h */ = {isa = PBXFileReference; fileEncoding = 4; lastKnownFileType = sourcecode.c.h; path = "NSArray+MASShorthandAdditions.h"; sourceTree = "<group>"; };
		0FAFF391209AE94D00F76665 /* NSLayoutConstraint+MASDebugAdditions.h */ = {isa = PBXFileReference; fileEncoding = 4; lastKnownFileType = sourcecode.c.h; path = "NSLayoutConstraint+MASDebugAdditions.h"; sourceTree = "<group>"; };
		0FAFF392209AE94D00F76665 /* NSLayoutConstraint+MASDebugAdditions.m */ = {isa = PBXFileReference; fileEncoding = 4; lastKnownFileType = sourcecode.c.objc; path = "NSLayoutConstraint+MASDebugAdditions.m"; sourceTree = "<group>"; };
		0FAFF393209AE94D00F76665 /* View+MASAdditions.h */ = {isa = PBXFileReference; fileEncoding = 4; lastKnownFileType = sourcecode.c.h; path = "View+MASAdditions.h"; sourceTree = "<group>"; };
		0FAFF394209AE94D00F76665 /* View+MASAdditions.m */ = {isa = PBXFileReference; fileEncoding = 4; lastKnownFileType = sourcecode.c.objc; path = "View+MASAdditions.m"; sourceTree = "<group>"; };
		0FAFF395209AE94D00F76665 /* View+MASShorthandAdditions.h */ = {isa = PBXFileReference; fileEncoding = 4; lastKnownFileType = sourcecode.c.h; path = "View+MASShorthandAdditions.h"; sourceTree = "<group>"; };
		0FAFF396209AE94D00F76665 /* ViewController+MASAdditions.h */ = {isa = PBXFileReference; fileEncoding = 4; lastKnownFileType = sourcecode.c.h; path = "ViewController+MASAdditions.h"; sourceTree = "<group>"; };
		0FAFF397209AE94D00F76665 /* ViewController+MASAdditions.m */ = {isa = PBXFileReference; fileEncoding = 4; lastKnownFileType = sourcecode.c.objc; path = "ViewController+MASAdditions.m"; sourceTree = "<group>"; };
		0FAFF3A2209AEA0600F76665 /* NSString+AdjustSize.h */ = {isa = PBXFileReference; lastKnownFileType = sourcecode.c.h; path = "NSString+AdjustSize.h"; sourceTree = "<group>"; };
		0FAFF3A3209AEA0600F76665 /* NSString+AdjustSize.m */ = {isa = PBXFileReference; lastKnownFileType = sourcecode.c.objc; path = "NSString+AdjustSize.m"; sourceTree = "<group>"; };
		0FAFF3A5209BF7FF00F76665 /* YicePickerCollectionViewFlowLayout.h */ = {isa = PBXFileReference; lastKnownFileType = sourcecode.c.h; path = YicePickerCollectionViewFlowLayout.h; sourceTree = "<group>"; };
		0FAFF3A6209BF7FF00F76665 /* YicePickerCollectionViewFlowLayout.m */ = {isa = PBXFileReference; lastKnownFileType = sourcecode.c.objc; path = YicePickerCollectionViewFlowLayout.m; sourceTree = "<group>"; };
		0FFCDC6B20BEA313006A7AF5 /* YiceTestModel.h */ = {isa = PBXFileReference; lastKnownFileType = sourcecode.c.h; path = YiceTestModel.h; sourceTree = "<group>"; };
		0FFCDC6C20BEA313006A7AF5 /* YiceTestModel.m */ = {isa = PBXFileReference; lastKnownFileType = sourcecode.c.objc; path = YiceTestModel.m; sourceTree = "<group>"; };
/* End PBXFileReference section */

/* Begin PBXFrameworksBuildPhase section */
		0FAFF3332099AB1C00F76665 /* Frameworks */ = {
			isa = PBXFrameworksBuildPhase;
			buildActionMask = 2147483647;
			files = (
			);
			runOnlyForDeploymentPostprocessing = 0;
		};
		0FAFF34E2099AB1D00F76665 /* Frameworks */ = {
			isa = PBXFrameworksBuildPhase;
			buildActionMask = 2147483647;
			files = (
			);
			runOnlyForDeploymentPostprocessing = 0;
		};
		0FAFF3592099AB1D00F76665 /* Frameworks */ = {
			isa = PBXFrameworksBuildPhase;
			buildActionMask = 2147483647;
			files = (
			);
			runOnlyForDeploymentPostprocessing = 0;
		};
/* End PBXFrameworksBuildPhase section */

/* Begin PBXGroup section */
		0FAFF32D2099AB1C00F76665 = {
			isa = PBXGroup;
			children = (
				0FAFF3382099AB1C00F76665 /* YicePicker */,
				0FAFF3542099AB1D00F76665 /* YicePickerTests */,
				0FAFF35F2099AB1D00F76665 /* YicePickerUITests */,
				0FAFF3372099AB1C00F76665 /* Products */,
			);
			sourceTree = "<group>";
		};
		0FAFF3372099AB1C00F76665 /* Products */ = {
			isa = PBXGroup;
			children = (
				0FAFF3362099AB1C00F76665 /* YicePicker.app */,
				0FAFF3512099AB1D00F76665 /* YicePickerTests.xctest */,
				0FAFF35C2099AB1D00F76665 /* YicePickerUITests.xctest */,
			);
			name = Products;
			sourceTree = "<group>";
		};
		0FAFF3382099AB1C00F76665 /* YicePicker */ = {
			isa = PBXGroup;
			children = (
				0FAFF37E209AE94C00F76665 /* Masonry */,
				0FAFF3712099AD8E00F76665 /* YicePickerMenu */,
				0FAFF3392099AB1C00F76665 /* AppDelegate.h */,
				0FAFF33A2099AB1C00F76665 /* AppDelegate.m */,
				0FAFF36E2099AB4900F76665 /* MainViewController.h */,
				0FAFF36F2099AB4900F76665 /* MainViewController.m */,
				0FAFF33F2099AB1C00F76665 /* Main.storyboard */,
				0FAFF3452099AB1C00F76665 /* Assets.xcassets */,
				0FAFF3472099AB1C00F76665 /* LaunchScreen.storyboard */,
				0FAFF34A2099AB1C00F76665 /* Info.plist */,
				0FAFF34B2099AB1C00F76665 /* main.m */,
				0FAFF3422099AB1C00F76665 /* YicePicker.xcdatamodeld */,
			);
			path = YicePicker;
			sourceTree = "<group>";
		};
		0FAFF3542099AB1D00F76665 /* YicePickerTests */ = {
			isa = PBXGroup;
			children = (
				0FAFF3552099AB1D00F76665 /* YicePickerTests.m */,
				0FAFF3572099AB1D00F76665 /* Info.plist */,
			);
			path = YicePickerTests;
			sourceTree = "<group>";
		};
		0FAFF35F2099AB1D00F76665 /* YicePickerUITests */ = {
			isa = PBXGroup;
			children = (
				0FAFF3602099AB1D00F76665 /* YicePickerUITests.m */,
				0FAFF3622099AB1D00F76665 /* Info.plist */,
			);
			path = YicePickerUITests;
			sourceTree = "<group>";
		};
		0FAFF3712099AD8E00F76665 /* YicePickerMenu */ = {
			isa = PBXGroup;
			children = (
				0FAFF3752099B80800F76665 /* YicePickerMenuPch.h */,
				0FAFF3762099B80800F76665 /* YicePickerMenuPch.m */,
				0FAFF3722099ADC700F76665 /* YicePickerMenu.h */,
				0FAFF3732099ADC700F76665 /* YicePickerMenu.m */,
				0FAFF3A5209BF7FF00F76665 /* YicePickerCollectionViewFlowLayout.h */,
				0FAFF3A6209BF7FF00F76665 /* YicePickerCollectionViewFlowLayout.m */,
				0FAFF3782099C35B00F76665 /* YicePickerCell.h */,
				0FAFF3792099C35B00F76665 /* YicePickerCell.m */,
				0FFCDC6B20BEA313006A7AF5 /* YiceTestModel.h */,
				0FFCDC6C20BEA313006A7AF5 /* YiceTestModel.m */,
				0FAFF3A2209AEA0600F76665 /* NSString+AdjustSize.h */,
				0FAFF3A3209AEA0600F76665 /* NSString+AdjustSize.m */,
			);
			path = YicePickerMenu;
			sourceTree = "<group>";
		};
		0FAFF37E209AE94C00F76665 /* Masonry */ = {
			isa = PBXGroup;
			children = (
				0FAFF37F209AE94D00F76665 /* MASCompositeConstraint.h */,
				0FAFF380209AE94D00F76665 /* MASCompositeConstraint.m */,
				0FAFF381209AE94D00F76665 /* MASConstraint+Private.h */,
				0FAFF382209AE94D00F76665 /* MASConstraint.h */,
				0FAFF383209AE94D00F76665 /* MASConstraint.m */,
				0FAFF384209AE94D00F76665 /* MASConstraintMaker.h */,
				0FAFF385209AE94D00F76665 /* MASConstraintMaker.m */,
				0FAFF386209AE94D00F76665 /* MASLayoutConstraint.h */,
				0FAFF387209AE94D00F76665 /* MASLayoutConstraint.m */,
				0FAFF388209AE94D00F76665 /* Masonry.h */,
				0FAFF389209AE94D00F76665 /* MASUtilities.h */,
				0FAFF38A209AE94D00F76665 /* MASViewAttribute.h */,
				0FAFF38B209AE94D00F76665 /* MASViewAttribute.m */,
				0FAFF38C209AE94D00F76665 /* MASViewConstraint.h */,
				0FAFF38D209AE94D00F76665 /* MASViewConstraint.m */,
				0FAFF38E209AE94D00F76665 /* NSArray+MASAdditions.h */,
				0FAFF38F209AE94D00F76665 /* NSArray+MASAdditions.m */,
				0FAFF390209AE94D00F76665 /* NSArray+MASShorthandAdditions.h */,
				0FAFF391209AE94D00F76665 /* NSLayoutConstraint+MASDebugAdditions.h */,
				0FAFF392209AE94D00F76665 /* NSLayoutConstraint+MASDebugAdditions.m */,
				0FAFF393209AE94D00F76665 /* View+MASAdditions.h */,
				0FAFF394209AE94D00F76665 /* View+MASAdditions.m */,
				0FAFF395209AE94D00F76665 /* View+MASShorthandAdditions.h */,
				0FAFF396209AE94D00F76665 /* ViewController+MASAdditions.h */,
				0FAFF397209AE94D00F76665 /* ViewController+MASAdditions.m */,
			);
			path = Masonry;
			sourceTree = "<group>";
		};
/* End PBXGroup section */

/* Begin PBXNativeTarget section */
		0FAFF3352099AB1C00F76665 /* YicePicker */ = {
			isa = PBXNativeTarget;
			buildConfigurationList = 0FAFF3652099AB1D00F76665 /* Build configuration list for PBXNativeTarget "YicePicker" */;
			buildPhases = (
				0FAFF3322099AB1C00F76665 /* Sources */,
				0FAFF3332099AB1C00F76665 /* Frameworks */,
				0FAFF3342099AB1C00F76665 /* Resources */,
			);
			buildRules = (
			);
			dependencies = (
			);
			name = YicePicker;
			productName = YicePicker;
			productReference = 0FAFF3362099AB1C00F76665 /* YicePicker.app */;
			productType = "com.apple.product-type.application";
		};
		0FAFF3502099AB1D00F76665 /* YicePickerTests */ = {
			isa = PBXNativeTarget;
			buildConfigurationList = 0FAFF3682099AB1D00F76665 /* Build configuration list for PBXNativeTarget "YicePickerTests" */;
			buildPhases = (
				0FAFF34D2099AB1D00F76665 /* Sources */,
				0FAFF34E2099AB1D00F76665 /* Frameworks */,
				0FAFF34F2099AB1D00F76665 /* Resources */,
			);
			buildRules = (
			);
			dependencies = (
				0FAFF3532099AB1D00F76665 /* PBXTargetDependency */,
			);
			name = YicePickerTests;
			productName = YicePickerTests;
			productReference = 0FAFF3512099AB1D00F76665 /* YicePickerTests.xctest */;
			productType = "com.apple.product-type.bundle.unit-test";
		};
		0FAFF35B2099AB1D00F76665 /* YicePickerUITests */ = {
			isa = PBXNativeTarget;
			buildConfigurationList = 0FAFF36B2099AB1D00F76665 /* Build configuration list for PBXNativeTarget "YicePickerUITests" */;
			buildPhases = (
				0FAFF3582099AB1D00F76665 /* Sources */,
				0FAFF3592099AB1D00F76665 /* Frameworks */,
				0FAFF35A2099AB1D00F76665 /* Resources */,
			);
			buildRules = (
			);
			dependencies = (
				0FAFF35E2099AB1D00F76665 /* PBXTargetDependency */,
			);
			name = YicePickerUITests;
			productName = YicePickerUITests;
			productReference = 0FAFF35C2099AB1D00F76665 /* YicePickerUITests.xctest */;
			productType = "com.apple.product-type.bundle.ui-testing";
		};
/* End PBXNativeTarget section */

/* Begin PBXProject section */
		0FAFF32E2099AB1C00F76665 /* Project object */ = {
			isa = PBXProject;
			attributes = {
				LastUpgradeCheck = 0920;
				ORGANIZATIONNAME = "音冰冰";
				TargetAttributes = {
					0FAFF3352099AB1C00F76665 = {
						CreatedOnToolsVersion = 9.2;
						ProvisioningStyle = Automatic;
					};
					0FAFF3502099AB1D00F76665 = {
						CreatedOnToolsVersion = 9.2;
						ProvisioningStyle = Automatic;
						TestTargetID = 0FAFF3352099AB1C00F76665;
					};
					0FAFF35B2099AB1D00F76665 = {
						CreatedOnToolsVersion = 9.2;
						ProvisioningStyle = Automatic;
						TestTargetID = 0FAFF3352099AB1C00F76665;
					};
				};
			};
			buildConfigurationList = 0FAFF3312099AB1C00F76665 /* Build configuration list for PBXProject "YicePicker" */;
			compatibilityVersion = "Xcode 8.0";
			developmentRegion = en;
			hasScannedForEncodings = 0;
			knownRegions = (
				en,
				Base,
			);
			mainGroup = 0FAFF32D2099AB1C00F76665;
			productRefGroup = 0FAFF3372099AB1C00F76665 /* Products */;
			projectDirPath = "";
			projectRoot = "";
			targets = (
				0FAFF3352099AB1C00F76665 /* YicePicker */,
				0FAFF3502099AB1D00F76665 /* YicePickerTests */,
				0FAFF35B2099AB1D00F76665 /* YicePickerUITests */,
			);
		};
/* End PBXProject section */

/* Begin PBXResourcesBuildPhase section */
		0FAFF3342099AB1C00F76665 /* Resources */ = {
			isa = PBXResourcesBuildPhase;
			buildActionMask = 2147483647;
			files = (
				0FAFF3492099AB1C00F76665 /* LaunchScreen.storyboard in Resources */,
				0FAFF3462099AB1C00F76665 /* Assets.xcassets in Resources */,
				0FAFF3412099AB1C00F76665 /* Main.storyboard in Resources */,
			);
			runOnlyForDeploymentPostprocessing = 0;
		};
		0FAFF34F2099AB1D00F76665 /* Resources */ = {
			isa = PBXResourcesBuildPhase;
			buildActionMask = 2147483647;
			files = (
			);
			runOnlyForDeploymentPostprocessing = 0;
		};
		0FAFF35A2099AB1D00F76665 /* Resources */ = {
			isa = PBXResourcesBuildPhase;
			buildActionMask = 2147483647;
			files = (
			);
			runOnlyForDeploymentPostprocessing = 0;
		};
/* End PBXResourcesBuildPhase section */

/* Begin PBXSourcesBuildPhase section */
		0FAFF3322099AB1C00F76665 /* Sources */ = {
			isa = PBXSourcesBuildPhase;
			buildActionMask = 2147483647;
			files = (
				0FAFF3742099ADC700F76665 /* YicePickerMenu.m in Sources */,
				0FAFF39E209AE94D00F76665 /* NSArray+MASAdditions.m in Sources */,
				0FFCDC6D20BEA313006A7AF5 /* YiceTestModel.m in Sources */,
				0FAFF3442099AB1C00F76665 /* YicePicker.xcdatamodeld in Sources */,
				0FAFF3772099B80800F76665 /* YicePickerMenuPch.m in Sources */,
				0FAFF3A0209AE94D00F76665 /* View+MASAdditions.m in Sources */,
				0FAFF39B209AE94D00F76665 /* MASLayoutConstraint.m in Sources */,
				0FAFF3A7209BF7FF00F76665 /* YicePickerCollectionViewFlowLayout.m in Sources */,
				0FAFF399209AE94D00F76665 /* MASConstraint.m in Sources */,
				0FAFF39F209AE94D00F76665 /* NSLayoutConstraint+MASDebugAdditions.m in Sources */,
				0FAFF398209AE94D00F76665 /* MASCompositeConstraint.m in Sources */,
				0FAFF34C2099AB1C00F76665 /* main.m in Sources */,
				0FAFF3A4209AEA0600F76665 /* NSString+AdjustSize.m in Sources */,
				0FAFF33B2099AB1C00F76665 /* AppDelegate.m in Sources */,
				0FAFF3702099AB4900F76665 /* MainViewController.m in Sources */,
				0FAFF39A209AE94D00F76665 /* MASConstraintMaker.m in Sources */,
				0FAFF3A1209AE94D00F76665 /* ViewController+MASAdditions.m in Sources */,
				0FAFF39D209AE94D00F76665 /* MASViewConstraint.m in Sources */,
				0FAFF37A2099C35B00F76665 /* YicePickerCell.m in Sources */,
				0FAFF39C209AE94D00F76665 /* MASViewAttribute.m in Sources */,
			);
			runOnlyForDeploymentPostprocessing = 0;
		};
		0FAFF34D2099AB1D00F76665 /* Sources */ = {
			isa = PBXSourcesBuildPhase;
			buildActionMask = 2147483647;
			files = (
				0FAFF3562099AB1D00F76665 /* YicePickerTests.m in Sources */,
			);
			runOnlyForDeploymentPostprocessing = 0;
		};
		0FAFF3582099AB1D00F76665 /* Sources */ = {
			isa = PBXSourcesBuildPhase;
			buildActionMask = 2147483647;
			files = (
				0FAFF3612099AB1D00F76665 /* YicePickerUITests.m in Sources */,
			);
			runOnlyForDeploymentPostprocessing = 0;
		};
/* End PBXSourcesBuildPhase section */

/* Begin PBXTargetDependency section */
		0FAFF3532099AB1D00F76665 /* PBXTargetDependency */ = {
			isa = PBXTargetDependency;
			target = 0FAFF3352099AB1C00F76665 /* YicePicker */;
			targetProxy = 0FAFF3522099AB1D00F76665 /* PBXContainerItemProxy */;
		};
		0FAFF35E2099AB1D00F76665 /* PBXTargetDependency */ = {
			isa = PBXTargetDependency;
			target = 0FAFF3352099AB1C00F76665 /* YicePicker */;
			targetProxy = 0FAFF35D2099AB1D00F76665 /* PBXContainerItemProxy */;
		};
/* End PBXTargetDependency section */

/* Begin PBXVariantGroup section */
		0FAFF33F2099AB1C00F76665 /* Main.storyboard */ = {
			isa = PBXVariantGroup;
			children = (
				0FAFF3402099AB1C00F76665 /* Base */,
			);
			name = Main.storyboard;
			sourceTree = "<group>";
		};
		0FAFF3472099AB1C00F76665 /* LaunchScreen.storyboard */ = {
			isa = PBXVariantGroup;
			children = (
				0FAFF3482099AB1C00F76665 /* Base */,
			);
			name = LaunchScreen.storyboard;
			sourceTree = "<group>";
		};
/* End PBXVariantGroup section */

/* Begin XCBuildConfiguration section */
		0FAFF3632099AB1D00F76665 /* Debug */ = {
			isa = XCBuildConfiguration;
			buildSettings = {
				ALWAYS_SEARCH_USER_PATHS = NO;
				CLANG_ANALYZER_NONNULL = YES;
				CLANG_ANALYZER_NUMBER_OBJECT_CONVERSION = YES_AGGRESSIVE;
				CLANG_CXX_LANGUAGE_STANDARD = "gnu++14";
				CLANG_CXX_LIBRARY = "libc++";
				CLANG_ENABLE_MODULES = YES;
				CLANG_ENABLE_OBJC_ARC = YES;
				CLANG_WARN_BLOCK_CAPTURE_AUTORELEASING = YES;
				CLANG_WARN_BOOL_CONVERSION = YES;
				CLANG_WARN_COMMA = YES;
				CLANG_WARN_CONSTANT_CONVERSION = YES;
				CLANG_WARN_DIRECT_OBJC_ISA_USAGE = YES_ERROR;
				CLANG_WARN_DOCUMENTATION_COMMENTS = YES;
				CLANG_WARN_EMPTY_BODY = YES;
				CLANG_WARN_ENUM_CONVERSION = YES;
				CLANG_WARN_INFINITE_RECURSION = YES;
				CLANG_WARN_INT_CONVERSION = YES;
				CLANG_WARN_NON_LITERAL_NULL_CONVERSION = YES;
				CLANG_WARN_OBJC_LITERAL_CONVERSION = YES;
				CLANG_WARN_OBJC_ROOT_CLASS = YES_ERROR;
				CLANG_WARN_RANGE_LOOP_ANALYSIS = YES;
				CLANG_WARN_STRICT_PROTOTYPES = YES;
				CLANG_WARN_SUSPICIOUS_MOVE = YES;
				CLANG_WARN_UNGUARDED_AVAILABILITY = YES_AGGRESSIVE;
				CLANG_WARN_UNREACHABLE_CODE = YES;
				CLANG_WARN__DUPLICATE_METHOD_MATCH = YES;
				CODE_SIGN_IDENTITY = "iPhone Developer";
				COPY_PHASE_STRIP = NO;
				DEBUG_INFORMATION_FORMAT = dwarf;
				ENABLE_STRICT_OBJC_MSGSEND = YES;
				ENABLE_TESTABILITY = YES;
				GCC_C_LANGUAGE_STANDARD = gnu11;
				GCC_DYNAMIC_NO_PIC = NO;
				GCC_NO_COMMON_BLOCKS = YES;
				GCC_OPTIMIZATION_LEVEL = 0;
				GCC_PREPROCESSOR_DEFINITIONS = (
					"DEBUG=1",
					"$(inherited)",
				);
				GCC_WARN_64_TO_32_BIT_CONVERSION = YES;
				GCC_WARN_ABOUT_RETURN_TYPE = YES_ERROR;
				GCC_WARN_UNDECLARED_SELECTOR = YES;
				GCC_WARN_UNINITIALIZED_AUTOS = YES_AGGRESSIVE;
				GCC_WARN_UNUSED_FUNCTION = YES;
				GCC_WARN_UNUSED_VARIABLE = YES;
				IPHONEOS_DEPLOYMENT_TARGET = 11.2;
				MTL_ENABLE_DEBUG_INFO = YES;
				ONLY_ACTIVE_ARCH = YES;
				SDKROOT = iphoneos;
			};
			name = Debug;
		};
		0FAFF3642099AB1D00F76665 /* Release */ = {
			isa = XCBuildConfiguration;
			buildSettings = {
				ALWAYS_SEARCH_USER_PATHS = NO;
				CLANG_ANALYZER_NONNULL = YES;
				CLANG_ANALYZER_NUMBER_OBJECT_CONVERSION = YES_AGGRESSIVE;
				CLANG_CXX_LANGUAGE_STANDARD = "gnu++14";
				CLANG_CXX_LIBRARY = "libc++";
				CLANG_ENABLE_MODULES = YES;
				CLANG_ENABLE_OBJC_ARC = YES;
				CLANG_WARN_BLOCK_CAPTURE_AUTORELEASING = YES;
				CLANG_WARN_BOOL_CONVERSION = YES;
				CLANG_WARN_COMMA = YES;
				CLANG_WARN_CONSTANT_CONVERSION = YES;
				CLANG_WARN_DIRECT_OBJC_ISA_USAGE = YES_ERROR;
				CLANG_WARN_DOCUMENTATION_COMMENTS = YES;
				CLANG_WARN_EMPTY_BODY = YES;
				CLANG_WARN_ENUM_CONVERSION = YES;
				CLANG_WARN_INFINITE_RECURSION = YES;
				CLANG_WARN_INT_CONVERSION = YES;
				CLANG_WARN_NON_LITERAL_NULL_CONVERSION = YES;
				CLANG_WARN_OBJC_LITERAL_CONVERSION = YES;
				CLANG_WARN_OBJC_ROOT_CLASS = YES_ERROR;
				CLANG_WARN_RANGE_LOOP_ANALYSIS = YES;
				CLANG_WARN_STRICT_PROTOTYPES = YES;
				CLANG_WARN_SUSPICIOUS_MOVE = YES;
				CLANG_WARN_UNGUARDED_AVAILABILITY = YES_AGGRESSIVE;
				CLANG_WARN_UNREACHABLE_CODE = YES;
				CLANG_WARN__DUPLICATE_METHOD_MATCH = YES;
				CODE_SIGN_IDENTITY = "iPhone Developer";
				COPY_PHASE_STRIP = NO;
				DEBUG_INFORMATION_FORMAT = "dwarf-with-dsym";
				ENABLE_NS_ASSERTIONS = NO;
				ENABLE_STRICT_OBJC_MSGSEND = YES;
				GCC_C_LANGUAGE_STANDARD = gnu11;
				GCC_NO_COMMON_BLOCKS = YES;
				GCC_WARN_64_TO_32_BIT_CONVERSION = YES;
				GCC_WARN_ABOUT_RETURN_TYPE = YES_ERROR;
				GCC_WARN_UNDECLARED_SELECTOR = YES;
				GCC_WARN_UNINITIALIZED_AUTOS = YES_AGGRESSIVE;
				GCC_WARN_UNUSED_FUNCTION = YES;
				GCC_WARN_UNUSED_VARIABLE = YES;
				IPHONEOS_DEPLOYMENT_TARGET = 11.2;
				MTL_ENABLE_DEBUG_INFO = NO;
				SDKROOT = iphoneos;
				VALIDATE_PRODUCT = YES;
			};
			name = Release;
		};
		0FAFF3662099AB1D00F76665 /* Debug */ = {
			isa = XCBuildConfiguration;
			buildSettings = {
				ASSETCATALOG_COMPILER_APPICON_NAME = AppIcon;
				CODE_SIGN_STYLE = Automatic;
				DEVELOPMENT_TEAM = FXR2RV82M2;
				INFOPLIST_FILE = YicePicker/Info.plist;
				LD_RUNPATH_SEARCH_PATHS = "$(inherited) @executable_path/Frameworks";
				PRODUCT_BUNDLE_IDENTIFIER = com.ice.www.YicePicker;
				PRODUCT_NAME = "$(TARGET_NAME)";
				TARGETED_DEVICE_FAMILY = "1,2";
			};
			name = Debug;
		};
		0FAFF3672099AB1D00F76665 /* Release */ = {
			isa = XCBuildConfiguration;
			buildSettings = {
				ASSETCATALOG_COMPILER_APPICON_NAME = AppIcon;
				CODE_SIGN_STYLE = Automatic;
				DEVELOPMENT_TEAM = FXR2RV82M2;
				INFOPLIST_FILE = YicePicker/Info.plist;
				LD_RUNPATH_SEARCH_PATHS = "$(inherited) @executable_path/Frameworks";
				PRODUCT_BUNDLE_IDENTIFIER = com.ice.www.YicePicker;
				PRODUCT_NAME = "$(TARGET_NAME)";
				TARGETED_DEVICE_FAMILY = "1,2";
			};
			name = Release;
		};
		0FAFF3692099AB1D00F76665 /* Debug */ = {
			isa = XCBuildConfiguration;
			buildSettings = {
				BUNDLE_LOADER = "$(TEST_HOST)";
				CODE_SIGN_STYLE = Automatic;
				DEVELOPMENT_TEAM = FXR2RV82M2;
				INFOPLIST_FILE = YicePickerTests/Info.plist;
				LD_RUNPATH_SEARCH_PATHS = "$(inherited) @executable_path/Frameworks @loader_path/Frameworks";
				PRODUCT_BUNDLE_IDENTIFIER = com.ice.www.YicePickerTests;
				PRODUCT_NAME = "$(TARGET_NAME)";
				TARGETED_DEVICE_FAMILY = "1,2";
				TEST_HOST = "$(BUILT_PRODUCTS_DIR)/YicePicker.app/YicePicker";
			};
			name = Debug;
		};
		0FAFF36A2099AB1D00F76665 /* Release */ = {
			isa = XCBuildConfiguration;
			buildSettings = {
				BUNDLE_LOADER = "$(TEST_HOST)";
				CODE_SIGN_STYLE = Automatic;
				DEVELOPMENT_TEAM = FXR2RV82M2;
				INFOPLIST_FILE = YicePickerTests/Info.plist;
				LD_RUNPATH_SEARCH_PATHS = "$(inherited) @executable_path/Frameworks @loader_path/Frameworks";
				PRODUCT_BUNDLE_IDENTIFIER = com.ice.www.YicePickerTests;
				PRODUCT_NAME = "$(TARGET_NAME)";
				TARGETED_DEVICE_FAMILY = "1,2";
				TEST_HOST = "$(BUILT_PRODUCTS_DIR)/YicePicker.app/YicePicker";
			};
			name = Release;
		};
		0FAFF36C2099AB1D00F76665 /* Debug */ = {
			isa = XCBuildConfiguration;
			buildSettings = {
				CODE_SIGN_STYLE = Automatic;
				DEVELOPMENT_TEAM = FXR2RV82M2;
				INFOPLIST_FILE = YicePickerUITests/Info.plist;
				LD_RUNPATH_SEARCH_PATHS = "$(inherited) @executable_path/Frameworks @loader_path/Frameworks";
				PRODUCT_BUNDLE_IDENTIFIER = com.ice.www.YicePickerUITests;
				PRODUCT_NAME = "$(TARGET_NAME)";
				TARGETED_DEVICE_FAMILY = "1,2";
				TEST_TARGET_NAME = YicePicker;
			};
			name = Debug;
		};
		0FAFF36D2099AB1D00F76665 /* Release */ = {
			isa = XCBuildConfiguration;
			buildSettings = {
				CODE_SIGN_STYLE = Automatic;
				DEVELOPMENT_TEAM = FXR2RV82M2;
				INFOPLIST_FILE = YicePickerUITests/Info.plist;
				LD_RUNPATH_SEARCH_PATHS = "$(inherited) @executable_path/Frameworks @loader_path/Frameworks";
				PRODUCT_BUNDLE_IDENTIFIER = com.ice.www.YicePickerUITests;
				PRODUCT_NAME = "$(TARGET_NAME)";
				TARGETED_DEVICE_FAMILY = "1,2";
				TEST_TARGET_NAME = YicePicker;
			};
			name = Release;
		};
/* End XCBuildConfiguration section */

/* Begin XCConfigurationList section */
		0FAFF3312099AB1C00F76665 /* Build configuration list for PBXProject "YicePicker" */ = {
			isa = XCConfigurationList;
			buildConfigurations = (
				0FAFF3632099AB1D00F76665 /* Debug */,
				0FAFF3642099AB1D00F76665 /* Release */,
			);
			defaultConfigurationIsVisible = 0;
			defaultConfigurationName = Release;
		};
		0FAFF3652099AB1D00F76665 /* Build configuration list for PBXNativeTarget "YicePicker" */ = {
			isa = XCConfigurationList;
			buildConfigurations = (
				0FAFF3662099AB1D00F76665 /* Debug */,
				0FAFF3672099AB1D00F76665 /* Release */,
			);
			defaultConfigurationIsVisible = 0;
			defaultConfigurationName = Release;
		};
		0FAFF3682099AB1D00F76665 /* Build configuration list for PBXNativeTarget "YicePickerTests" */ = {
			isa = XCConfigurationList;
			buildConfigurations = (
				0FAFF3692099AB1D00F76665 /* Debug */,
				0FAFF36A2099AB1D00F76665 /* Release */,
			);
			defaultConfigurationIsVisible = 0;
			defaultConfigurationName = Release;
		};
		0FAFF36B2099AB1D00F76665 /* Build configuration list for PBXNativeTarget "YicePickerUITests" */ = {
			isa = XCConfigurationList;
			buildConfigurations = (
				0FAFF36C2099AB1D00F76665 /* Debug */,
				0FAFF36D2099AB1D00F76665 /* Release */,
			);
			defaultConfigurationIsVisible = 0;
			defaultConfigurationName = Release;
		};
/* End XCConfigurationList section */

/* Begin XCVersionGroup section */
		0FAFF3422099AB1C00F76665 /* YicePicker.xcdatamodeld */ = {
			isa = XCVersionGroup;
			children = (
				0FAFF3432099AB1C00F76665 /* YicePicker.xcdatamodel */,
			);
			currentVersion = 0FAFF3432099AB1C00F76665 /* YicePicker.xcdatamodel */;
			path = YicePicker.xcdatamodeld;
			sourceTree = "<group>";
			versionGroupType = wrapper.xcdatamodel;
		};
/* End XCVersionGroup section */
	};
	rootObject = 0FAFF32E2099AB1C00F76665 /* Project object */;
}
